// !$*UTF8*$!
{
	archiveVersion = 1;
	classes = {
	};
	objectVersion = 46;
	objects = {

/* Begin PBXBuildFile section */
		B56206A41806098F00272C29 /* CRTile.m in Sources */ = {isa = PBXBuildFile; fileRef = B56206A31806098F00272C29 /* CRTile.m */; };
		B56206A718060A4200272C29 /* CRFactory.m in Sources */ = {isa = PBXBuildFile; fileRef = B56206A618060A4200272C29 /* CRFactory.m */; };
		B56206B51807937C00272C29 /* PirateAttack.jpg in Resources */ = {isa = PBXBuildFile; fileRef = B56206A91807937C00272C29 /* PirateAttack.jpg */; };
		B56206B61807937C00272C29 /* PirateBlacksmith.jpeg in Resources */ = {isa = PBXBuildFile; fileRef = B56206AA1807937C00272C29 /* PirateBlacksmith.jpeg */; };
		B56206B71807937C00272C29 /* PirateBoss.jpeg in Resources */ = {isa = PBXBuildFile; fileRef = B56206AB1807937C00272C29 /* PirateBoss.jpeg */; };
		B56206B81807937C00272C29 /* PirateFriendlyDock.jpg in Resources */ = {isa = PBXBuildFile; fileRef = B56206AC1807937C00272C29 /* PirateFriendlyDock.jpg */; };
		B56206B91807937C00272C29 /* PirateOctopusAttack.jpg in Resources */ = {isa = PBXBuildFile; fileRef = B56206AD1807937C00272C29 /* PirateOctopusAttack.jpg */; };
		B56206BA1807937C00272C29 /* PirateParrot.jpg in Resources */ = {isa = PBXBuildFile; fileRef = B56206AE1807937C00272C29 /* PirateParrot.jpg */; };
		B56206BB1807937C00272C29 /* PiratePlank.jpg in Resources */ = {isa = PBXBuildFile; fileRef = B56206AF1807937C00272C29 /* PiratePlank.jpg */; };
		B56206BC1807937C00272C29 /* PirateShipBattle.jpeg in Resources */ = {isa = PBXBuildFile; fileRef = B56206B01807937C00272C29 /* PirateShipBattle.jpeg */; };
		B56206BD1807937C00272C29 /* PirateStart.jpg in Resources */ = {isa = PBXBuildFile; fileRef = B56206B11807937C00272C29 /* PirateStart.jpg */; };
		B56206BE1807937C00272C29 /* PirateTreasure.jpeg in Resources */ = {isa = PBXBuildFile; fileRef = B56206B21807937C00272C29 /* PirateTreasure.jpeg */; };
		B56206BF1807937C00272C29 /* PirateTreasurer2.jpeg in Resources */ = {isa = PBXBuildFile; fileRef = B56206B31807937C00272C29 /* PirateTreasurer2.jpeg */; };
		B56206C01807937C00272C29 /* PirateWeapons.jpeg in Resources */ = {isa = PBXBuildFile; fileRef = B56206B41807937C00272C29 /* PirateWeapons.jpeg */; };
		B56206C21807985C00272C29 /* Link'sHouse.png in Resources */ = {isa = PBXBuildFile; fileRef = B56206C11807985C00272C29 /* Link'sHouse.png */; };
		B56206C41807991100272C29 /* Wooden-sword-with-pixels-drawn.jpg in Resources */ = {isa = PBXBuildFile; fileRef = B56206C31807991100272C29 /* Wooden-sword-with-pixels-drawn.jpg */; };
		B56206C7180C58C700272C29 /* CRWeapon.m in Sources */ = {isa = PBXBuildFile; fileRef = B56206C6180C58C700272C29 /* CRWeapon.m */; };
		B56206CA180C590800272C29 /* CRArmor.m in Sources */ = {isa = PBXBuildFile; fileRef = B56206C9180C590800272C29 /* CRArmor.m */; };
		B56206CD180C597E00272C29 /* CRCharacter.m in Sources */ = {isa = PBXBuildFile; fileRef = B56206CC180C597E00272C29 /* CRCharacter.m */; };
		B56206D0180C942500272C29 /* CRBoss.m in Sources */ = {isa = PBXBuildFile; fileRef = B56206CF180C942500272C29 /* CRBoss.m */; };
		B5730F36180602D900FBAFD2 /* Foundation.framework in Frameworks */ = {isa = PBXBuildFile; fileRef = B5730F35180602D900FBAFD2 /* Foundation.framework */; };
		B5730F38180602D900FBAFD2 /* CoreGraphics.framework in Frameworks */ = {isa = PBXBuildFile; fileRef = B5730F37180602D900FBAFD2 /* CoreGraphics.framework */; };
		B5730F3A180602D900FBAFD2 /* UIKit.framework in Frameworks */ = {isa = PBXBuildFile; fileRef = B5730F39180602D900FBAFD2 /* UIKit.framework */; };
		B5730F40180602D900FBAFD2 /* InfoPlist.strings in Resources */ = {isa = PBXBuildFile; fileRef = B5730F3E180602D900FBAFD2 /* InfoPlist.strings */; };
		B5730F42180602D900FBAFD2 /* main.m in Sources */ = {isa = PBXBuildFile; fileRef = B5730F41180602D900FBAFD2 /* main.m */; };
		B5730F46180602D900FBAFD2 /* CRAppDelegate.m in Sources */ = {isa = PBXBuildFile; fileRef = B5730F45180602D900FBAFD2 /* CRAppDelegate.m */; };
		B5730F49180602D900FBAFD2 /* Main.storyboard in Resources */ = {isa = PBXBuildFile; fileRef = B5730F47180602D900FBAFD2 /* Main.storyboard */; };
		B5730F4C180602D900FBAFD2 /* CRViewController.m in Sources */ = {isa = PBXBuildFile; fileRef = B5730F4B180602D900FBAFD2 /* CRViewController.m */; };
		B5730F4E180602D900FBAFD2 /* Images.xcassets in Resources */ = {isa = PBXBuildFile; fileRef = B5730F4D180602D900FBAFD2 /* Images.xcassets */; };
		B5730F55180602D900FBAFD2 /* XCTest.framework in Frameworks */ = {isa = PBXBuildFile; fileRef = B5730F54180602D900FBAFD2 /* XCTest.framework */; };
		B5730F56180602D900FBAFD2 /* Foundation.framework in Frameworks */ = {isa = PBXBuildFile; fileRef = B5730F35180602D900FBAFD2 /* Foundation.framework */; };
		B5730F57180602D900FBAFD2 /* UIKit.framework in Frameworks */ = {isa = PBXBuildFile; fileRef = B5730F39180602D900FBAFD2 /* UIKit.framework */; };
		B5730F5F180602D900FBAFD2 /* InfoPlist.strings in Resources */ = {isa = PBXBuildFile; fileRef = B5730F5D180602D900FBAFD2 /* InfoPlist.strings */; };
		B5730F61180602D900FBAFD2 /* Pirate_AdventureTests.m in Sources */ = {isa = PBXBuildFile; fileRef = B5730F60180602D900FBAFD2 /* Pirate_AdventureTests.m */; };
/* End PBXBuildFile section */

/* Begin PBXContainerItemProxy section */
		B5730F58180602D900FBAFD2 /* PBXContainerItemProxy */ = {
			isa = PBXContainerItemProxy;
			containerPortal = B5730F2A180602D900FBAFD2 /* Project object */;
			proxyType = 1;
			remoteGlobalIDString = B5730F31180602D900FBAFD2;
			remoteInfo = "Pirate Adventure";
		};
/* End PBXContainerItemProxy section */

/* Begin PBXFileReference section */
		B56206A21806098F00272C29 /* CRTile.h */ = {isa = PBXFileReference; fileEncoding = 4; lastKnownFileType = sourcecode.c.h; path = CRTile.h; sourceTree = "<group>"; };
		B56206A31806098F00272C29 /* CRTile.m */ = {isa = PBXFileReference; fileEncoding = 4; lastKnownFileType = sourcecode.c.objc; path = CRTile.m; sourceTree = "<group>"; };
		B56206A518060A4200272C29 /* CRFactory.h */ = {isa = PBXFileReference; fileEncoding = 4; lastKnownFileType = sourcecode.c.h; path = CRFactory.h; sourceTree = "<group>"; };
		B56206A618060A4200272C29 /* CRFactory.m */ = {isa = PBXFileReference; fileEncoding = 4; lastKnownFileType = sourcecode.c.objc; path = CRFactory.m; sourceTree = "<group>"; };
		B56206A91807937C00272C29 /* PirateAttack.jpg */ = {isa = PBXFileReference; lastKnownFileType = image.jpeg; path = PirateAttack.jpg; sourceTree = "<group>"; };
		B56206AA1807937C00272C29 /* PirateBlacksmith.jpeg */ = {isa = PBXFileReference; lastKnownFileType = image.jpeg; path = PirateBlacksmith.jpeg; sourceTree = "<group>"; };
		B56206AB1807937C00272C29 /* PirateBoss.jpeg */ = {isa = PBXFileReference; lastKnownFileType = image.jpeg; path = PirateBoss.jpeg; sourceTree = "<group>"; };
		B56206AC1807937C00272C29 /* PirateFriendlyDock.jpg */ = {isa = PBXFileReference; lastKnownFileType = image.jpeg; path = PirateFriendlyDock.jpg; sourceTree = "<group>"; };
		B56206AD1807937C00272C29 /* PirateOctopusAttack.jpg */ = {isa = PBXFileReference; lastKnownFileType = image.jpeg; path = PirateOctopusAttack.jpg; sourceTree = "<group>"; };
		B56206AE1807937C00272C29 /* PirateParrot.jpg */ = {isa = PBXFileReference; lastKnownFileType = image.jpeg; path = PirateParrot.jpg; sourceTree = "<group>"; };
		B56206AF1807937C00272C29 /* PiratePlank.jpg */ = {isa = PBXFileReference; lastKnownFileType = image.jpeg; path = PiratePlank.jpg; sourceTree = "<group>"; };
		B56206B01807937C00272C29 /* PirateShipBattle.jpeg */ = {isa = PBXFileReference; lastKnownFileType = image.jpeg; path = PirateShipBattle.jpeg; sourceTree = "<group>"; };
		B56206B11807937C00272C29 /* PirateStart.jpg */ = {isa = PBXFileReference; lastKnownFileType = image.jpeg; path = PirateStart.jpg; sourceTree = "<group>"; };
		B56206B21807937C00272C29 /* PirateTreasure.jpeg */ = {isa = PBXFileReference; lastKnownFileType = image.jpeg; path = PirateTreasure.jpeg; sourceTree = "<group>"; };
		B56206B31807937C00272C29 /* PirateTreasurer2.jpeg */ = {isa = PBXFileReference; lastKnownFileType = image.jpeg; path = PirateTreasurer2.jpeg; sourceTree = "<group>"; };
		B56206B41807937C00272C29 /* PirateWeapons.jpeg */ = {isa = PBXFileReference; lastKnownFileType = image.jpeg; path = PirateWeapons.jpeg; sourceTree = "<group>"; };
		B56206C11807985C00272C29 /* Link'sHouse.png */ = {isa = PBXFileReference; lastKnownFileType = image.png; path = "Link'sHouse.png"; sourceTree = "<group>"; };
		B56206C31807991100272C29 /* Wooden-sword-with-pixels-drawn.jpg */ = {isa = PBXFileReference; lastKnownFileType = image.jpeg; path = "Wooden-sword-with-pixels-drawn.jpg"; sourceTree = "<group>"; };
		B56206C5180C58C700272C29 /* CRWeapon.h */ = {isa = PBXFileReference; fileEncoding = 4; lastKnownFileType = sourcecode.c.h; path = CRWeapon.h; sourceTree = "<group>"; };
		B56206C6180C58C700272C29 /* CRWeapon.m */ = {isa = PBXFileReference; fileEncoding = 4; lastKnownFileType = sourcecode.c.objc; path = CRWeapon.m; sourceTree = "<group>"; };
		B56206C8180C590800272C29 /* CRArmor.h */ = {isa = PBXFileReference; fileEncoding = 4; lastKnownFileType = sourcecode.c.h; path = CRArmor.h; sourceTree = "<group>"; };
		B56206C9180C590800272C29 /* CRArmor.m */ = {isa = PBXFileReference; fileEncoding = 4; lastKnownFileType = sourcecode.c.objc; path = CRArmor.m; sourceTree = "<group>"; };
		B56206CB180C597E00272C29 /* CRCharacter.h */ = {isa = PBXFileReference; fileEncoding = 4; lastKnownFileType = sourcecode.c.h; path = CRCharacter.h; sourceTree = "<group>"; };
		B56206CC180C597E00272C29 /* CRCharacter.m */ = {isa = PBXFileReference; fileEncoding = 4; lastKnownFileType = sourcecode.c.objc; path = CRCharacter.m; sourceTree = "<group>"; };
		B56206CE180C942500272C29 /* CRBoss.h */ = {isa = PBXFileReference; fileEncoding = 4; lastKnownFileType = sourcecode.c.h; path = CRBoss.h; sourceTree = "<group>"; };
		B56206CF180C942500272C29 /* CRBoss.m */ = {isa = PBXFileReference; fileEncoding = 4; lastKnownFileType = sourcecode.c.objc; path = CRBoss.m; sourceTree = "<group>"; };
		B5730F32180602D900FBAFD2 /* Pirate Adventure.app */ = {isa = PBXFileReference; explicitFileType = wrapper.application; includeInIndex = 0; path = "Pirate Adventure.app"; sourceTree = BUILT_PRODUCTS_DIR; };
		B5730F35180602D900FBAFD2 /* Foundation.framework */ = {isa = PBXFileReference; lastKnownFileType = wrapper.framework; name = Foundation.framework; path = System/Library/Frameworks/Foundation.framework; sourceTree = SDKROOT; };
		B5730F37180602D900FBAFD2 /* CoreGraphics.framework */ = {isa = PBXFileReference; lastKnownFileType = wrapper.framework; name = CoreGraphics.framework; path = System/Library/Frameworks/CoreGraphics.framework; sourceTree = SDKROOT; };
		B5730F39180602D900FBAFD2 /* UIKit.framework */ = {isa = PBXFileReference; lastKnownFileType = wrapper.framework; name = UIKit.framework; path = System/Library/Frameworks/UIKit.framework; sourceTree = SDKROOT; };
		B5730F3D180602D900FBAFD2 /* Pirate Adventure-Info.plist */ = {isa = PBXFileReference; lastKnownFileType = text.plist.xml; path = "Pirate Adventure-Info.plist"; sourceTree = "<group>"; };
		B5730F3F180602D900FBAFD2 /* en */ = {isa = PBXFileReference; lastKnownFileType = text.plist.strings; name = en; path = en.lproj/InfoPlist.strings; sourceTree = "<group>"; };
		B5730F41180602D900FBAFD2 /* main.m */ = {isa = PBXFileReference; lastKnownFileType = sourcecode.c.objc; path = main.m; sourceTree = "<group>"; };
		B5730F43180602D900FBAFD2 /* Pirate Adventure-Prefix.pch */ = {isa = PBXFileReference; lastKnownFileType = sourcecode.c.h; path = "Pirate Adventure-Prefix.pch"; sourceTree = "<group>"; };
		B5730F44180602D900FBAFD2 /* CRAppDelegate.h */ = {isa = PBXFileReference; lastKnownFileType = sourcecode.c.h; path = CRAppDelegate.h; sourceTree = "<group>"; };
		B5730F45180602D900FBAFD2 /* CRAppDelegate.m */ = {isa = PBXFileReference; lastKnownFileType = sourcecode.c.objc; path = CRAppDelegate.m; sourceTree = "<group>"; };
		B5730F48180602D900FBAFD2 /* Base */ = {isa = PBXFileReference; lastKnownFileType = file.storyboard; name = Base; path = Base.lproj/Main.storyboard; sourceTree = "<group>"; };
		B5730F4A180602D900FBAFD2 /* CRViewController.h */ = {isa = PBXFileReference; lastKnownFileType = sourcecode.c.h; path = CRViewController.h; sourceTree = "<group>"; };
		B5730F4B180602D900FBAFD2 /* CRViewController.m */ = {isa = PBXFileReference; lastKnownFileType = sourcecode.c.objc; path = CRViewController.m; sourceTree = "<group>"; };
		B5730F4D180602D900FBAFD2 /* Images.xcassets */ = {isa = PBXFileReference; lastKnownFileType = folder.assetcatalog; path = Images.xcassets; sourceTree = "<group>"; };
		B5730F53180602D900FBAFD2 /* Pirate AdventureTests.xctest */ = {isa = PBXFileReference; explicitFileType = wrapper.cfbundle; includeInIndex = 0; path = "Pirate AdventureTests.xctest"; sourceTree = BUILT_PRODUCTS_DIR; };
		B5730F54180602D900FBAFD2 /* XCTest.framework */ = {isa = PBXFileReference; lastKnownFileType = wrapper.framework; name = XCTest.framework; path = Library/Frameworks/XCTest.framework; sourceTree = DEVELOPER_DIR; };
		B5730F5C180602D900FBAFD2 /* Pirate AdventureTests-Info.plist */ = {isa = PBXFileReference; lastKnownFileType = text.plist.xml; path = "Pirate AdventureTests-Info.plist"; sourceTree = "<group>"; };
		B5730F5E180602D900FBAFD2 /* en */ = {isa = PBXFileReference; lastKnownFileType = text.plist.strings; name = en; path = en.lproj/InfoPlist.strings; sourceTree = "<group>"; };
		B5730F60180602D900FBAFD2 /* Pirate_AdventureTests.m */ = {isa = PBXFileReference; lastKnownFileType = sourcecode.c.objc; path = Pirate_AdventureTests.m; sourceTree = "<group>"; };
/* End PBXFileReference section */

/* Begin PBXFrameworksBuildPhase section */
		B5730F2F180602D900FBAFD2 /* Frameworks */ = {
			isa = PBXFrameworksBuildPhase;
			buildActionMask = 2147483647;
			files = (
				B5730F38180602D900FBAFD2 /* CoreGraphics.framework in Frameworks */,
				B5730F3A180602D900FBAFD2 /* UIKit.framework in Frameworks */,
				B5730F36180602D900FBAFD2 /* Foundation.framework in Frameworks */,
			);
			runOnlyForDeploymentPostprocessing = 0;
		};
		B5730F50180602D900FBAFD2 /* Frameworks */ = {
			isa = PBXFrameworksBuildPhase;
			buildActionMask = 2147483647;
			files = (
				B5730F55180602D900FBAFD2 /* XCTest.framework in Frameworks */,
				B5730F57180602D900FBAFD2 /* UIKit.framework in Frameworks */,
				B5730F56180602D900FBAFD2 /* Foundation.framework in Frameworks */,
			);
			runOnlyForDeploymentPostprocessing = 0;
		};
/* End PBXFrameworksBuildPhase section */

/* Begin PBXGroup section */
		B56206A11806096100272C29 /* Model */ = {
			isa = PBXGroup;
			children = (
				B56206A818060A5100272C29 /* Factory */,
				B56206A21806098F00272C29 /* CRTile.h */,
				B56206A31806098F00272C29 /* CRTile.m */,
				B56206C5180C58C700272C29 /* CRWeapon.h */,
				B56206C6180C58C700272C29 /* CRWeapon.m */,
				B56206C8180C590800272C29 /* CRArmor.h */,
				B56206C9180C590800272C29 /* CRArmor.m */,
				B56206CB180C597E00272C29 /* CRCharacter.h */,
				B56206CC180C597E00272C29 /* CRCharacter.m */,
				B56206CE180C942500272C29 /* CRBoss.h */,
				B56206CF180C942500272C29 /* CRBoss.m */,
			);
			name = Model;
			sourceTree = "<group>";
		};
		B56206A818060A5100272C29 /* Factory */ = {
			isa = PBXGroup;
			children = (
				B56206A518060A4200272C29 /* CRFactory.h */,
				B56206A618060A4200272C29 /* CRFactory.m */,
			);
			name = Factory;
			sourceTree = "<group>";
		};
		B5730F29180602D900FBAFD2 = {
			isa = PBXGroup;
			children = (
				B5730F3B180602D900FBAFD2 /* Pirate Adventure */,
				B5730F5A180602D900FBAFD2 /* Pirate AdventureTests */,
				B5730F34180602D900FBAFD2 /* Frameworks */,
				B5730F33180602D900FBAFD2 /* Products */,
			);
			sourceTree = "<group>";
		};
		B5730F33180602D900FBAFD2 /* Products */ = {
			isa = PBXGroup;
			children = (
				B5730F32180602D900FBAFD2 /* Pirate Adventure.app */,
				B5730F53180602D900FBAFD2 /* Pirate AdventureTests.xctest */,
			);
			name = Products;
			sourceTree = "<group>";
		};
		B5730F34180602D900FBAFD2 /* Frameworks */ = {
			isa = PBXGroup;
			children = (
				B5730F35180602D900FBAFD2 /* Foundation.framework */,
				B5730F37180602D900FBAFD2 /* CoreGraphics.framework */,
				B5730F39180602D900FBAFD2 /* UIKit.framework */,
				B5730F54180602D900FBAFD2 /* XCTest.framework */,
			);
			name = Frameworks;
			sourceTree = "<group>";
		};
		B5730F3B180602D900FBAFD2 /* Pirate Adventure */ = {
			isa = PBXGroup;
			children = (
				B5730F44180602D900FBAFD2 /* CRAppDelegate.h */,
				B5730F45180602D900FBAFD2 /* CRAppDelegate.m */,
				B5730F47180602D900FBAFD2 /* Main.storyboard */,
				B5730F4A180602D900FBAFD2 /* CRViewController.h */,
				B5730F4B180602D900FBAFD2 /* CRViewController.m */,
				B56206A11806096100272C29 /* Model */,
				B5730F4D180602D900FBAFD2 /* Images.xcassets */,
				B5730F3C180602D900FBAFD2 /* Supporting Files */,
			);
			path = "Pirate Adventure";
			sourceTree = "<group>";
		};
		B5730F3C180602D900FBAFD2 /* Supporting Files */ = {
			isa = PBXGroup;
			children = (
				B56206A91807937C00272C29 /* PirateAttack.jpg */,
				B56206AA1807937C00272C29 /* PirateBlacksmith.jpeg */,
				B56206AB1807937C00272C29 /* PirateBoss.jpeg */,
				B56206AC1807937C00272C29 /* PirateFriendlyDock.jpg */,
				B56206AD1807937C00272C29 /* PirateOctopusAttack.jpg */,
				B56206AE1807937C00272C29 /* PirateParrot.jpg */,
				B56206AF1807937C00272C29 /* PiratePlank.jpg */,
				B56206B01807937C00272C29 /* PirateShipBattle.jpeg */,
				B56206B11807937C00272C29 /* PirateStart.jpg */,
				B56206B21807937C00272C29 /* PirateTreasure.jpeg */,
				B56206B31807937C00272C29 /* PirateTreasurer2.jpeg */,
				B56206B41807937C00272C29 /* PirateWeapons.jpeg */,
				B56206C11807985C00272C29 /* Link'sHouse.png */,
				B56206C31807991100272C29 /* Wooden-sword-with-pixels-drawn.jpg */,
				B5730F3D180602D900FBAFD2 /* Pirate Adventure-Info.plist */,
				B5730F3E180602D900FBAFD2 /* InfoPlist.strings */,
				B5730F41180602D900FBAFD2 /* main.m */,
				B5730F43180602D900FBAFD2 /* Pirate Adventure-Prefix.pch */,
			);
			name = "Supporting Files";
			sourceTree = "<group>";
		};
		B5730F5A180602D900FBAFD2 /* Pirate AdventureTests */ = {
			isa = PBXGroup;
			children = (
				B5730F60180602D900FBAFD2 /* Pirate_AdventureTests.m */,
				B5730F5B180602D900FBAFD2 /* Supporting Files */,
			);
			path = "Pirate AdventureTests";
			sourceTree = "<group>";
		};
		B5730F5B180602D900FBAFD2 /* Supporting Files */ = {
			isa = PBXGroup;
			children = (
				B5730F5C180602D900FBAFD2 /* Pirate AdventureTests-Info.plist */,
				B5730F5D180602D900FBAFD2 /* InfoPlist.strings */,
			);
			name = "Supporting Files";
			sourceTree = "<group>";
		};
/* End PBXGroup section */

/* Begin PBXNativeTarget section */
		B5730F31180602D900FBAFD2 /* Pirate Adventure */ = {
			isa = PBXNativeTarget;
			buildConfigurationList = B5730F64180602D900FBAFD2 /* Build configuration list for PBXNativeTarget "Pirate Adventure" */;
			buildPhases = (
				B5730F2E180602D900FBAFD2 /* Sources */,
				B5730F2F180602D900FBAFD2 /* Frameworks */,
				B5730F30180602D900FBAFD2 /* Resources */,
			);
			buildRules = (
			);
			dependencies = (
			);
			name = "Pirate Adventure";
			productName = "Pirate Adventure";
			productReference = B5730F32180602D900FBAFD2 /* Pirate Adventure.app */;
			productType = "com.apple.product-type.application";
		};
		B5730F52180602D900FBAFD2 /* Pirate AdventureTests */ = {
			isa = PBXNativeTarget;
			buildConfigurationList = B5730F67180602D900FBAFD2 /* Build configuration list for PBXNativeTarget "Pirate AdventureTests" */;
			buildPhases = (
				B5730F4F180602D900FBAFD2 /* Sources */,
				B5730F50180602D900FBAFD2 /* Frameworks */,
				B5730F51180602D900FBAFD2 /* Resources */,
			);
			buildRules = (
			);
			dependencies = (
				B5730F59180602D900FBAFD2 /* PBXTargetDependency */,
			);
			name = "Pirate AdventureTests";
			productName = "Pirate AdventureTests";
			productReference = B5730F53180602D900FBAFD2 /* Pirate AdventureTests.xctest */;
			productType = "com.apple.product-type.bundle.unit-test";
		};
/* End PBXNativeTarget section */

/* Begin PBXProject section */
		B5730F2A180602D900FBAFD2 /* Project object */ = {
			isa = PBXProject;
			attributes = {
				CLASSPREFIX = CR;
				LastUpgradeCheck = 0500;
				ORGANIZATIONNAME = "Chris Roche";
				TargetAttributes = {
					B5730F52180602D900FBAFD2 = {
						TestTargetID = B5730F31180602D900FBAFD2;
					};
				};
			};
			buildConfigurationList = B5730F2D180602D900FBAFD2 /* Build configuration list for PBXProject "Pirate Adventure" */;
			compatibilityVersion = "Xcode 3.2";
			developmentRegion = English;
			hasScannedForEncodings = 0;
			knownRegions = (
				en,
				Base,
			);
			mainGroup = B5730F29180602D900FBAFD2;
			productRefGroup = B5730F33180602D900FBAFD2 /* Products */;
			projectDirPath = "";
			projectRoot = "";
			targets = (
				B5730F31180602D900FBAFD2 /* Pirate Adventure */,
				B5730F52180602D900FBAFD2 /* Pirate AdventureTests */,
			);
		};
/* End PBXProject section */

/* Begin PBXResourcesBuildPhase section */
		B5730F30180602D900FBAFD2 /* Resources */ = {
			isa = PBXResourcesBuildPhase;
			buildActionMask = 2147483647;
			files = (
				B56206B91807937C00272C29 /* PirateOctopusAttack.jpg in Resources */,
				B56206C01807937C00272C29 /* PirateWeapons.jpeg in Resources */,
				B56206BB1807937C00272C29 /* PiratePlank.jpg in Resources */,
				B56206BE1807937C00272C29 /* PirateTreasure.jpeg in Resources */,
				B56206B81807937C00272C29 /* PirateFriendlyDock.jpg in Resources */,
				B56206B51807937C00272C29 /* PirateAttack.jpg in Resources */,
				B5730F4E180602D900FBAFD2 /* Images.xcassets in Resources */,
				B5730F40180602D900FBAFD2 /* InfoPlist.strings in Resources */,
				B5730F49180602D900FBAFD2 /* Main.storyboard in Resources */,
				B56206BC1807937C00272C29 /* PirateShipBattle.jpeg in Resources */,
				B56206BF1807937C00272C29 /* PirateTreasurer2.jpeg in Resources */,
				B56206B61807937C00272C29 /* PirateBlacksmith.jpeg in Resources */,
				B56206BD1807937C00272C29 /* PirateStart.jpg in Resources */,
				B56206B71807937C00272C29 /* PirateBoss.jpeg in Resources */,
				B56206C41807991100272C29 /* Wooden-sword-with-pixels-drawn.jpg in Resources */,
				B56206C21807985C00272C29 /* Link'sHouse.png in Resources */,
				B56206BA1807937C00272C29 /* PirateParrot.jpg in Resources */,
			);
			runOnlyForDeploymentPostprocessing = 0;
		};
		B5730F51180602D900FBAFD2 /* Resources */ = {
			isa = PBXResourcesBuildPhase;
			buildActionMask = 2147483647;
			files = (
				B5730F5F180602D900FBAFD2 /* InfoPlist.strings in Resources */,
			);
			runOnlyForDeploymentPostprocessing = 0;
		};
/* End PBXResourcesBuildPhase section */

/* Begin PBXSourcesBuildPhase section */
		B5730F2E180602D900FBAFD2 /* Sources */ = {
			isa = PBXSourcesBuildPhase;
			buildActionMask = 2147483647;
			files = (
				B56206CA180C590800272C29 /* CRArmor.m in Sources */,
				B56206C7180C58C700272C29 /* CRWeapon.m in Sources */,
				B56206CD180C597E00272C29 /* CRCharacter.m in Sources */,
				B5730F42180602D900FBAFD2 /* main.m in Sources */,
				B5730F46180602D900FBAFD2 /* CRAppDelegate.m in Sources */,
				B56206A41806098F00272C29 /* CRTile.m in Sources */,
				B5730F4C180602D900FBAFD2 /* CRViewController.m in Sources */,
				B56206A718060A4200272C29 /* CRFactory.m in Sources */,
				B56206D0180C942500272C29 /* CRBoss.m in Sources */,
			);
			runOnlyForDeploymentPostprocessing = 0;
		};
		B5730F4F180602D900FBAFD2 /* Sources */ = {
			isa = PBXSourcesBuildPhase;
			buildActionMask = 2147483647;
			files = (
				B5730F61180602D900FBAFD2 /* Pirate_AdventureTests.m in Sources */,
			);
			runOnlyForDeploymentPostprocessing = 0;
		};
/* End PBXSourcesBuildPhase section */

/* Begin PBXTargetDependency section */
		B5730F59180602D900FBAFD2 /* PBXTargetDependency */ = {
			isa = PBXTargetDependency;
			target = B5730F31180602D900FBAFD2 /* Pirate Adventure */;
			targetProxy = B5730F58180602D900FBAFD2 /* PBXContainerItemProxy */;
		};
/* End PBXTargetDependency section */

/* Begin PBXVariantGroup section */
		B5730F3E180602D900FBAFD2 /* InfoPlist.strings */ = {
			isa = PBXVariantGroup;
			children = (
				B5730F3F180602D900FBAFD2 /* en */,
			);
			name = InfoPlist.strings;
			sourceTree = "<group>";
		};
		B5730F47180602D900FBAFD2 /* Main.storyboard */ = {
			isa = PBXVariantGroup;
			children = (
				B5730F48180602D900FBAFD2 /* Base */,
			);
			name = Main.storyboard;
			sourceTree = "<group>";
		};
		B5730F5D180602D900FBAFD2 /* InfoPlist.strings */ = {
			isa = PBXVariantGroup;
			children = (
				B5730F5E180602D900FBAFD2 /* en */,
			);
			name = InfoPlist.strings;
			sourceTree = "<group>";
		};
/* End PBXVariantGroup section */

/* Begin XCBuildConfiguration section */
		B5730F62180602D900FBAFD2 /* Debug */ = {
			isa = XCBuildConfiguration;
			buildSettings = {
				ALWAYS_SEARCH_USER_PATHS = NO;
				ARCHS = "$(ARCHS_STANDARD_INCLUDING_64_BIT)";
				CLANG_CXX_LANGUAGE_STANDARD = "gnu++0x";
				CLANG_CXX_LIBRARY = "libc++";
				CLANG_ENABLE_MODULES = YES;
				CLANG_ENABLE_OBJC_ARC = YES;
				CLANG_WARN_BOOL_CONVERSION = YES;
				CLANG_WARN_CONSTANT_CONVERSION = YES;
				CLANG_WARN_DIRECT_OBJC_ISA_USAGE = YES_ERROR;
				CLANG_WARN_EMPTY_BODY = YES;
				CLANG_WARN_ENUM_CONVERSION = YES;
				CLANG_WARN_INT_CONVERSION = YES;
				CLANG_WARN_OBJC_ROOT_CLASS = YES_ERROR;
				CLANG_WARN__DUPLICATE_METHOD_MATCH = YES;
				"CODE_SIGN_IDENTITY[sdk=iphoneos*]" = "iPhone Developer";
				COPY_PHASE_STRIP = NO;
				GCC_C_LANGUAGE_STANDARD = gnu99;
				GCC_DYNAMIC_NO_PIC = NO;
				GCC_OPTIMIZATION_LEVEL = 0;
				GCC_PREPROCESSOR_DEFINITIONS = (
					"DEBUG=1",
					"$(inherited)",
				);
				GCC_SYMBOLS_PRIVATE_EXTERN = NO;
				GCC_WARN_64_TO_32_BIT_CONVERSION = YES;
				GCC_WARN_ABOUT_RETURN_TYPE = YES_ERROR;
				GCC_WARN_UNDECLARED_SELECTOR = YES;
				GCC_WARN_UNINITIALIZED_AUTOS = YES;
				GCC_WARN_UNUSED_FUNCTION = YES;
				GCC_WARN_UNUSED_VARIABLE = YES;
				IPHONEOS_DEPLOYMENT_TARGET = 7.0;
				ONLY_ACTIVE_ARCH = YES;
				SDKROOT = iphoneos;
			};
			name = Debug;
		};
		B5730F63180602D900FBAFD2 /* Release */ = {
			isa = XCBuildConfiguration;
			buildSettings = {
				ALWAYS_SEARCH_USER_PATHS = NO;
				ARCHS = "$(ARCHS_STANDARD_INCLUDING_64_BIT)";
				CLANG_CXX_LANGUAGE_STANDARD = "gnu++0x";
				CLANG_CXX_LIBRARY = "libc++";
				CLANG_ENABLE_MODULES = YES;
				CLANG_ENABLE_OBJC_ARC = YES;
				CLANG_WARN_BOOL_CONVERSION = YES;
				CLANG_WARN_CONSTANT_CONVERSION = YES;
				CLANG_WARN_DIRECT_OBJC_ISA_USAGE = YES_ERROR;
				CLANG_WARN_EMPTY_BODY = YES;
				CLANG_WARN_ENUM_CONVERSION = YES;
				CLANG_WARN_INT_CONVERSION = YES;
				CLANG_WARN_OBJC_ROOT_CLASS = YES_ERROR;
				CLANG_WARN__DUPLICATE_METHOD_MATCH = YES;
				"CODE_SIGN_IDENTITY[sdk=iphoneos*]" = "iPhone Developer";
				COPY_PHASE_STRIP = YES;
				ENABLE_NS_ASSERTIONS = NO;
				GCC_C_LANGUAGE_STANDARD = gnu99;
				GCC_WARN_64_TO_32_BIT_CONVERSION = YES;
				GCC_WARN_ABOUT_RETURN_TYPE = YES_ERROR;
				GCC_WARN_UNDECLARED_SELECTOR = YES;
				GCC_WARN_UNINITIALIZED_AUTOS = YES;
				GCC_WARN_UNUSED_FUNCTION = YES;
				GCC_WARN_UNUSED_VARIABLE = YES;
				IPHONEOS_DEPLOYMENT_TARGET = 7.0;
				SDKROOT = iphoneos;
				VALIDATE_PRODUCT = YES;
			};
			name = Release;
		};
		B5730F65180602D900FBAFD2 /* Debug */ = {
			isa = XCBuildConfiguration;
			buildSettings = {
				ASSETCATALOG_COMPILER_APPICON_NAME = AppIcon;
				ASSETCATALOG_COMPILER_LAUNCHIMAGE_NAME = LaunchImage;
				GCC_PRECOMPILE_PREFIX_HEADER = YES;
				GCC_PREFIX_HEADER = "Pirate Adventure/Pirate Adventure-Prefix.pch";
				INFOPLIST_FILE = "Pirate Adventure/Pirate Adventure-Info.plist";
				PRODUCT_NAME = "$(TARGET_NAME)";
				WRAPPER_EXTENSION = app;
			};
			name = Debug;
		};
		B5730F66180602D900FBAFD2 /* Release */ = {
			isa = XCBuildConfiguration;
			buildSettings = {
				ASSETCATALOG_COMPILER_APPICON_NAME = AppIcon;
				ASSETCATALOG_COMPILER_LAUNCHIMAGE_NAME = LaunchImage;
				GCC_PRECOMPILE_PREFIX_HEADER = YES;
				GCC_PREFIX_HEADER = "Pirate Adventure/Pirate Adventure-Prefix.pch";
				INFOPLIST_FILE = "Pirate Adventure/Pirate Adventure-Info.plist";
				PRODUCT_NAME = "$(TARGET_NAME)";
				WRAPPER_EXTENSION = app;
			};
			name = Release;
		};
		B5730F68180602D900FBAFD2 /* Debug */ = {
			isa = XCBuildConfiguration;
			buildSettings = {
				ARCHS = "$(ARCHS_STANDARD_INCLUDING_64_BIT)";
				BUNDLE_LOADER = "$(BUILT_PRODUCTS_DIR)/Pirate Adventure.app/Pirate Adventure";
				FRAMEWORK_SEARCH_PATHS = (
					"$(SDKROOT)/Developer/Library/Frameworks",
					"$(inherited)",
					"$(DEVELOPER_FRAMEWORKS_DIR)",
				);
				GCC_PRECOMPILE_PREFIX_HEADER = YES;
				GCC_PREFIX_HEADER = "Pirate Adventure/Pirate Adventure-Prefix.pch";
				GCC_PREPROCESSOR_DEFINITIONS = (
					"DEBUG=1",
					"$(inherited)",
				);
				INFOPLIST_FILE = "Pirate AdventureTests/Pirate AdventureTests-Info.plist";
				PRODUCT_NAME = "$(TARGET_NAME)";
				TEST_HOST = "$(BUNDLE_LOADER)";
				WRAPPER_EXTENSION = xctest;
			};
			name = Debug;
		};
		B5730F69180602D900FBAFD2 /* Release */ = {
			isa = XCBuildConfiguration;
			buildSettings = {
				ARCHS = "$(ARCHS_STANDARD_INCLUDING_64_BIT)";
				BUNDLE_LOADER = "$(BUILT_PRODUCTS_DIR)/Pirate Adventure.app/Pirate Adventure";
				FRAMEWORK_SEARCH_PATHS = (
					"$(SDKROOT)/Developer/Library/Frameworks",
					"$(inherited)",
					"$(DEVELOPER_FRAMEWORKS_DIR)",
				);
				GCC_PRECOMPILE_PREFIX_HEADER = YES;
				GCC_PREFIX_HEADER = "Pirate Adventure/Pirate Adventure-Prefix.pch";
				INFOPLIST_FILE = "Pirate AdventureTests/Pirate AdventureTests-Info.plist";
				PRODUCT_NAME = "$(TARGET_NAME)";
				TEST_HOST = "$(BUNDLE_LOADER)";
				WRAPPER_EXTENSION = xctest;
			};
			name = Release;
		};
/* End XCBuildConfiguration section */

/* Begin XCConfigurationList section */
		B5730F2D180602D900FBAFD2 /* Build configuration list for PBXProject "Pirate Adventure" */ = {
			isa = XCConfigurationList;
			buildConfigurations = (
				B5730F62180602D900FBAFD2 /* Debug */,
				B5730F63180602D900FBAFD2 /* Release */,
			);
			defaultConfigurationIsVisible = 0;
			defaultConfigurationName = Release;
		};
		B5730F64180602D900FBAFD2 /* Build configuration list for PBXNativeTarget "Pirate Adventure" */ = {
			isa = XCConfigurationList;
			buildConfigurations = (
				B5730F65180602D900FBAFD2 /* Debug */,
				B5730F66180602D900FBAFD2 /* Release */,
			);
			defaultConfigurationIsVisible = 0;
			defaultConfigurationName = Release;
		};
		B5730F67180602D900FBAFD2 /* Build configuration list for PBXNativeTarget "Pirate AdventureTests" */ = {
			isa = XCConfigurationList;
			buildConfigurations = (
				B5730F68180602D900FBAFD2 /* Debug */,
				B5730F69180602D900FBAFD2 /* Release */,
			);
			defaultConfigurationIsVisible = 0;
			defaultConfigurationName = Release;
		};
/* End XCConfigurationList section */
	};
	rootObject = B5730F2A180602D900FBAFD2 /* Project object */;
}
